Microsoft Visual Studio Solution File, Format Version 11.00
# Visual Studio 2010
Project("{FAE04EC0-301F-11D3-BF4B-00C04F79EFBC}") = "Bottles.Topshelf", "Bottles.Topshelf\Bottles.Topshelf.csproj", "{6DF5C92A-94EA-4FF4-9FDD-5DE2B49A6243}"
EndProject
Project("{FAE04EC0-301F-11D3-BF4B-00C04F79EFBC}") = "Bottles.Topshelf.Tests", "Bottles.Topshelf.Tests\Bottles.Topshelf.Tests.csproj", "{B36A5083-515D-497D-BEA4-CF2DB8563C2A}"
EndProject
Project("{FAE04EC0-301F-11D3-BF4B-00C04F79EFBC}") = "SampleService", "SampleService\SampleService.csproj", "{EDDD686C-2DB1-411C-833F-ABAFCAE5498D}"
EndProject
Global
	GlobalSection(SolutionConfigurationPlatforms) = preSolution
		Debug|Any CPU = Debug|Any CPU
		Release|Any CPU = Release|Any CPU
	EndGlobalSection
	GlobalSection(ProjectConfigurationPlatforms) = postSolution
		{6DF5C92A-94EA-4FF4-9FDD-5DE2B49A6243}.Debug|Any CPU.ActiveCfg = Debug|Any CPU
		{6DF5C92A-94EA-4FF4-9FDD-5DE2B49A6243}.Debug|Any CPU.Build.0 = Debug|Any CPU
		{6DF5C92A-94EA-4FF4-9FDD-5DE2B49A6243}.Release|Any CPU.ActiveCfg = Release|Any CPU
		{6DF5C92A-94EA-4FF4-9FDD-5DE2B49A6243}.Release|Any CPU.Build.0 = Release|Any CPU
		{B36A5083-515D-497D-BEA4-CF2DB8563C2A}.Debug|Any CPU.ActiveCfg = Debug|Any CPU
		{B36A5083-515D-497D-BEA4-CF2DB8563C2A}.Debug|Any CPU.Build.0 = Debug|Any CPU
		{B36A5083-515D-497D-BEA4-CF2DB8563C2A}.Release|Any CPU.ActiveCfg = Release|Any CPU
		{B36A5083-515D-497D-BEA4-CF2DB8563C2A}.Release|Any CPU.Build.0 = Release|Any CPU
		{EDDD686C-2DB1-411C-833F-ABAFCAE5498D}.Debug|Any CPU.ActiveCfg = Debug|Any CPU
		{EDDD686C-2DB1-411C-833F-ABAFCAE5498D}.Debug|Any CPU.Build.0 = Debug|Any CPU
		{EDDD686C-2DB1-411C-833F-ABAFCAE5498D}.Release|Any CPU.ActiveCfg = Release|Any CPU
		{EDDD686C-2DB1-411C-833F-ABAFCAE5498D}.Release|Any CPU.Build.0 = Release|Any CPU
	EndGlobalSection
	GlobalSection(SolutionProperties) = preSolution
		HideSolutionNode = FALSE
	EndGlobalSection
EndGlobal
